
Microsoft Visual Studio Solution File, Format Version 12.00
# Visual Studio Version 17
VisualStudioVersion = 17.9.34616.47
MinimumVisualStudioVersion = 10.0.40219.1
Project("{9A19103F-16F7-4668-BE54-9A1E7A4F7556}") = "Sigma.API", "Sigma.API\Sigma.API.csproj", "{B74A21E0-4CAC-4441-90B1-DED222089CA9}"
EndProject
Project("{9A19103F-16F7-4668-BE54-9A1E7A4F7556}") = "Sigma.Domain", "Sigma.Domain\Sigma.Domain.csproj", "{1563A0EE-9D3B-4620-9E08-82B46ADEFDAF}"
EndProject
Project("{9A19103F-16F7-4668-BE54-9A1E7A4F7556}") = "Sigma.Application", "Sigma.Application\Sigma.Application.csproj", "{A0B89A0F-6113-477A-A7CB-3DA266B3EF7F}"
EndProject
Project("{9A19103F-16F7-4668-BE54-9A1E7A4F7556}") = "Sigma.Infra.Data", "Sigma.Infra.Data\Sigma.Infra.Data.csproj", "{D2B3D280-97E3-4D17-8630-A838833A5A06}"
EndProject
Project("{9A19103F-16F7-4668-BE54-9A1E7A4F7556}") = "Sigma.Infra.CrossCutting", "Sigma.Infra.CrossCutting\Sigma.Infra.CrossCutting.csproj", "{D0206977-A567-4162-A5CA-3D06684F53BE}"
EndProject
Project("{2150E333-8FDC-42A3-9474-1A3956D46DE8}") = "1 - API", "1 - API", "{01B7516E-F7AC-46C1-B9D1-AC91D1A20810}"
EndProject
Project("{2150E333-8FDC-42A3-9474-1A3956D46DE8}") = "3 - Domain", "3 - Domain", "{9AD7A8D8-BA5F-4738-B23E-FA3EA0A21F8C}"
EndProject
Project("{2150E333-8FDC-42A3-9474-1A3956D46DE8}") = "2 - Application", "2 - Application", "{26D45B6C-C6C8-44AD-8F10-6A1FBE596845}"
EndProject
Project("{2150E333-8FDC-42A3-9474-1A3956D46DE8}") = "4 - Infra", "4 - Infra", "{9922B6CB-68EA-41AC-AB6B-A413122B6AD2}"
EndProject
Project("{9A19103F-16F7-4668-BE54-9A1E7A4F7556}") = "Sigma.Infra.CrossCutting.IoC", "Sigma.Infra.CrossCutting.IoC\Sigma.Infra.CrossCutting.IoC.csproj", "{6613BBB9-51B7-48C9-A15A-C480931B579F}"
EndProject
Global
	GlobalSection(SolutionConfigurationPlatforms) = preSolution
		Debug|Any CPU = Debug|Any CPU
		Release|Any CPU = Release|Any CPU
	EndGlobalSection
	GlobalSection(ProjectConfigurationPlatforms) = postSolution
		{B74A21E0-4CAC-4441-90B1-DED222089CA9}.Debug|Any CPU.ActiveCfg = Debug|Any CPU
		{B74A21E0-4CAC-4441-90B1-DED222089CA9}.Debug|Any CPU.Build.0 = Debug|Any CPU
		{B74A21E0-4CAC-4441-90B1-DED222089CA9}.Release|Any CPU.ActiveCfg = Release|Any CPU
		{B74A21E0-4CAC-4441-90B1-DED222089CA9}.Release|Any CPU.Build.0 = Release|Any CPU
		{1563A0EE-9D3B-4620-9E08-82B46ADEFDAF}.Debug|Any CPU.ActiveCfg = Debug|Any CPU
		{1563A0EE-9D3B-4620-9E08-82B46ADEFDAF}.Debug|Any CPU.Build.0 = Debug|Any CPU
		{1563A0EE-9D3B-4620-9E08-82B46ADEFDAF}.Release|Any CPU.ActiveCfg = Release|Any CPU
		{1563A0EE-9D3B-4620-9E08-82B46ADEFDAF}.Release|Any CPU.Build.0 = Release|Any CPU
		{A0B89A0F-6113-477A-A7CB-3DA266B3EF7F}.Debug|Any CPU.ActiveCfg = Debug|Any CPU
		{A0B89A0F-6113-477A-A7CB-3DA266B3EF7F}.Debug|Any CPU.Build.0 = Debug|Any CPU
		{A0B89A0F-6113-477A-A7CB-3DA266B3EF7F}.Release|Any CPU.ActiveCfg = Release|Any CPU
		{A0B89A0F-6113-477A-A7CB-3DA266B3EF7F}.Release|Any CPU.Build.0 = Release|Any CPU
		{D2B3D280-97E3-4D17-8630-A838833A5A06}.Debug|Any CPU.ActiveCfg = Debug|Any CPU
		{D2B3D280-97E3-4D17-8630-A838833A5A06}.Debug|Any CPU.Build.0 = Debug|Any CPU
		{D2B3D280-97E3-4D17-8630-A838833A5A06}.Release|Any CPU.ActiveCfg = Release|Any CPU
		{D2B3D280-97E3-4D17-8630-A838833A5A06}.Release|Any CPU.Build.0 = Release|Any CPU
		{D0206977-A567-4162-A5CA-3D06684F53BE}.Debug|Any CPU.ActiveCfg = Debug|Any CPU
		{D0206977-A567-4162-A5CA-3D06684F53BE}.Debug|Any CPU.Build.0 = Debug|Any CPU
		{D0206977-A567-4162-A5CA-3D06684F53BE}.Release|Any CPU.ActiveCfg = Release|Any CPU
		{D0206977-A567-4162-A5CA-3D06684F53BE}.Release|Any CPU.Build.0 = Release|Any CPU
		{6613BBB9-51B7-48C9-A15A-C480931B579F}.Debug|Any CPU.ActiveCfg = Debug|Any CPU
		{6613BBB9-51B7-48C9-A15A-C480931B579F}.Debug|Any CPU.Build.0 = Debug|Any CPU
		{6613BBB9-51B7-48C9-A15A-C480931B579F}.Release|Any CPU.ActiveCfg = Release|Any CPU
		{6613BBB9-51B7-48C9-A15A-C480931B579F}.Release|Any CPU.Build.0 = Release|Any CPU
	EndGlobalSection
	GlobalSection(SolutionProperties) = preSolution
		HideSolutionNode = FALSE
	EndGlobalSection
	GlobalSection(NestedProjects) = preSolution
		{B74A21E0-4CAC-4441-90B1-DED222089CA9} = {01B7516E-F7AC-46C1-B9D1-AC91D1A20810}
		{1563A0EE-9D3B-4620-9E08-82B46ADEFDAF} = {9AD7A8D8-BA5F-4738-B23E-FA3EA0A21F8C}
		{A0B89A0F-6113-477A-A7CB-3DA266B3EF7F} = {26D45B6C-C6C8-44AD-8F10-6A1FBE596845}
		{D2B3D280-97E3-4D17-8630-A838833A5A06} = {9922B6CB-68EA-41AC-AB6B-A413122B6AD2}
		{D0206977-A567-4162-A5CA-3D06684F53BE} = {9922B6CB-68EA-41AC-AB6B-A413122B6AD2}
		{6613BBB9-51B7-48C9-A15A-C480931B579F} = {9922B6CB-68EA-41AC-AB6B-A413122B6AD2}
	EndGlobalSection
	GlobalSection(ExtensibilityGlobals) = postSolution
		SolutionGuid = {0410D9D6-EAC8-457D-A02D-F22BF08AFFB5}
	EndGlobalSection
EndGlobal
